
Microsoft Visual Studio Solution File, Format Version 12.00
# Visual Studio Version 16
VisualStudioVersion = 16.0.31025.194
MinimumVisualStudioVersion = 10.0.40219.1
Project("{FAE04EC0-301F-11D3-BF4B-00C04F79EFBC}") = "global3d", "global3d.csproj", "{63846814-D993-48BB-B22B-33706322A8F4}"
EndProject
Global
	GlobalSection(SolutionConfigurationPlatforms) = preSolution
		Debug|Any CPU = Debug|Any CPU
		Release|Any CPU = Release|Any CPU
	EndGlobalSection
	GlobalSection(ProjectConfigurationPlatforms) = postSolution
		{63846814-D993-48BB-B22B-33706322A8F4}.Debug|Any CPU.ActiveCfg = Debug|Any CPU
		{63846814-D993-48BB-B22B-33706322A8F4}.Debug|Any CPU.Build.0 = Debug|Any CPU
		{63846814-D993-48BB-B22B-33706322A8F4}.Release|Any CPU.ActiveCfg = Release|Any CPU
		{63846814-D993-48BB-B22B-33706322A8F4}.Release|Any CPU.Build.0 = Release|Any CPU
	EndGlobalSection
	GlobalSection(SolutionProperties) = preSolution
		HideSolutionNode = FALSE
	EndGlobalSection
	GlobalSection(ExtensibilityGlobals) = postSolution
		SolutionGuid = {F9C534A4-CF11-403E-842F-0A93F2D01B76}
	EndGlobalSection
EndGlobal
