
Microsoft Visual Studio Solution File, Format Version 12.00
# Visual Studio Version 16
VisualStudioVersion = 16.0.31025.194
MinimumVisualStudioVersion = 10.0.40219.1
Project("{FAE04EC0-301F-11D3-BF4B-00C04F79EFBC}") = "G3Ddatabase", "G3Ddatabase.csproj", "{AB89778D-C2B2-4469-B616-C375FC020E67}"
EndProject
Global
	GlobalSection(SolutionConfigurationPlatforms) = preSolution
		Debug|Any CPU = Debug|Any CPU
		Release|Any CPU = Release|Any CPU
	EndGlobalSection
	GlobalSection(ProjectConfigurationPlatforms) = postSolution
		{AB89778D-C2B2-4469-B616-C375FC020E67}.Debug|Any CPU.ActiveCfg = Debug|Any CPU
		{AB89778D-C2B2-4469-B616-C375FC020E67}.Debug|Any CPU.Build.0 = Debug|Any CPU
		{AB89778D-C2B2-4469-B616-C375FC020E67}.Release|Any CPU.ActiveCfg = Release|Any CPU
		{AB89778D-C2B2-4469-B616-C375FC020E67}.Release|Any CPU.Build.0 = Release|Any CPU
	EndGlobalSection
	GlobalSection(SolutionProperties) = preSolution
		HideSolutionNode = FALSE
	EndGlobalSection
	GlobalSection(ExtensibilityGlobals) = postSolution
		SolutionGuid = {C06C9250-59CC-426E-A1A1-682C9457223E}
	EndGlobalSection
EndGlobal
